
Microsoft Visual Studio Solution File, Format Version 12.00
# Visual Studio Version 17
VisualStudioVersion = 17.0.31903.59
MinimumVisualStudioVersion = 10.0.40219.1
Project("{FAE04EC0-301F-11D3-BF4B-00C04F79EFBC}") = "EMPLOYEEMANAGEMNET", "EMPLOYEEMANAGEMNET.csproj", "{FE61759C-D91C-4883-A646-3996226E3B95}"
EndProject
Global
	GlobalSection(SolutionConfigurationPlatforms) = preSolution
		Debug|Any CPU = Debug|Any CPU
		Release|Any CPU = Release|Any CPU
	EndGlobalSection
	GlobalSection(ProjectConfigurationPlatforms) = postSolution
		{FE61759C-D91C-4883-A646-3996226E3B95}.Debug|Any CPU.ActiveCfg = Debug|Any CPU
		{FE61759C-D91C-4883-A646-3996226E3B95}.Debug|Any CPU.Build.0 = Debug|Any CPU
		{FE61759C-D91C-4883-A646-3996226E3B95}.Release|Any CPU.ActiveCfg = Release|Any CPU
		{FE61759C-D91C-4883-A646-3996226E3B95}.Release|Any CPU.Build.0 = Release|Any CPU
	EndGlobalSection
	GlobalSection(SolutionProperties) = preSolution
		HideSolutionNode = FALSE
	EndGlobalSection
	GlobalSection(ExtensibilityGlobals) = postSolution
		SolutionGuid = {09380B50-7431-403E-B136-D502B1F17E38}
	EndGlobalSection
EndGlobal
