
Microsoft Visual Studio Solution File, Format Version 12.00
# Visual Studio Version 17
VisualStudioVersion = 17.0.31903.59
MinimumVisualStudioVersion = 10.0.40219.1
Project("{FAE04EC0-301F-11D3-BF4B-00C04F79EFBC}") = "LabAssignment", "LabAssignment.csproj", "{D5D38897-EDD3-46C1-858F-168BD8D5A88A}"
EndProject
Global
	GlobalSection(SolutionConfigurationPlatforms) = preSolution
		Debug|Any CPU = Debug|Any CPU
		Release|Any CPU = Release|Any CPU
	EndGlobalSection
	GlobalSection(ProjectConfigurationPlatforms) = postSolution
		{D5D38897-EDD3-46C1-858F-168BD8D5A88A}.Debug|Any CPU.ActiveCfg = Debug|Any CPU
		{D5D38897-EDD3-46C1-858F-168BD8D5A88A}.Debug|Any CPU.Build.0 = Debug|Any CPU
		{D5D38897-EDD3-46C1-858F-168BD8D5A88A}.Release|Any CPU.ActiveCfg = Release|Any CPU
		{D5D38897-EDD3-46C1-858F-168BD8D5A88A}.Release|Any CPU.Build.0 = Release|Any CPU
	EndGlobalSection
	GlobalSection(SolutionProperties) = preSolution
		HideSolutionNode = FALSE
	EndGlobalSection
	GlobalSection(ExtensibilityGlobals) = postSolution
		SolutionGuid = {BA59EC7B-330C-49F1-985E-EB337AEFDC63}
	EndGlobalSection
EndGlobal
